
Microsoft Visual Studio Solution File, Format Version 12.00
# Visual Studio Version 17
VisualStudioVersion = 17.0.31903.59
MinimumVisualStudioVersion = 10.0.40219.1
Project("{FAE04EC0-301F-11D3-BF4B-00C04F79EFBC}") = "Taildrop.Core", "Taildrop.Core\Taildrop.Core.csproj", "{EC36F991-61C5-4A06-88B9-887AC839FCC8}"
EndProject
Project("{FAE04EC0-301F-11D3-BF4B-00C04F79EFBC}") = "Taildrop.Core.Tests", "Taildrop.Core.Tests\Taildrop.Core.Tests.csproj", "{998DBDE2-1ED7-47C6-80C5-C641707FB71B}"
EndProject
Project("{9A19103F-16F7-4668-BE54-9A1E7A4F7556}") = "TaildropApp", "TaildropApp\TaildropApp.csproj", "{46B12ED2-F18F-4693-BA80-79B491D69719}"
EndProject
Global
	GlobalSection(SolutionConfigurationPlatforms) = preSolution
		Debug|Any CPU = Debug|Any CPU
		Release|Any CPU = Release|Any CPU
	EndGlobalSection
	GlobalSection(SolutionProperties) = preSolution
		HideSolutionNode = FALSE
	EndGlobalSection
	GlobalSection(ProjectConfigurationPlatforms) = postSolution
		{EC36F991-61C5-4A06-88B9-887AC839FCC8}.Debug|Any CPU.ActiveCfg = Debug|Any CPU
		{EC36F991-61C5-4A06-88B9-887AC839FCC8}.Debug|Any CPU.Build.0 = Debug|Any CPU
		{EC36F991-61C5-4A06-88B9-887AC839FCC8}.Release|Any CPU.ActiveCfg = Release|Any CPU
		{EC36F991-61C5-4A06-88B9-887AC839FCC8}.Release|Any CPU.Build.0 = Release|Any CPU
		{46B12ED2-F18F-4693-BA80-79B491D69719}.Debug|Any CPU.ActiveCfg = Debug|Any CPU
		{46B12ED2-F18F-4693-BA80-79B491D69719}.Debug|Any CPU.Build.0 = Debug|Any CPU
		{46B12ED2-F18F-4693-BA80-79B491D69719}.Release|Any CPU.ActiveCfg = Release|Any CPU
		{46B12ED2-F18F-4693-BA80-79B491D69719}.Release|Any CPU.Build.0 = Release|Any CPU
		{998DBDE2-1ED7-47C6-80C5-C641707FB71B}.Debug|Any CPU.ActiveCfg = Debug|Any CPU
		{998DBDE2-1ED7-47C6-80C5-C641707FB71B}.Debug|Any CPU.Build.0 = Debug|Any CPU
		{998DBDE2-1ED7-47C6-80C5-C641707FB71B}.Release|Any CPU.ActiveCfg = Release|Any CPU
		{998DBDE2-1ED7-47C6-80C5-C641707FB71B}.Release|Any CPU.Build.0 = Release|Any CPU
	EndGlobalSection
EndGlobal
